
Microsoft Visual Studio Solution File, Format Version 12.00
# Visual Studio Version 17
VisualStudioVersion = 17.9.34728.123
MinimumVisualStudioVersion = 10.0.40219.1
Project("{9A19103F-16F7-4668-BE54-9A1E7A4F7556}") = "WebAPI", "WebAPI\WebAPI.csproj", "{209F9275-A19B-4CFF-8EF9-B9E6BB066743}"
EndProject
Project("{FAE04EC0-301F-11D3-BF4B-00C04F79EFBC}") = "WebAPI.Application", "WebAPI.Application\WebAPI.Application.csproj", "{FC94CC0D-F04B-471E-8714-B9D5203ECEF6}"
EndProject
Project("{FAE04EC0-301F-11D3-BF4B-00C04F79EFBC}") = "WebAPI.Domain", "WebAPI.Domain\WebAPI.Domain.csproj", "{6E580CD5-E870-4883-AFBA-C1E848FD46DE}"
EndProject
Project("{FAE04EC0-301F-11D3-BF4B-00C04F79EFBC}") = "WebAPI.Infrastructure", "WebAPI.Infrastructure\WebAPI.Infrastructure.csproj", "{3B930B23-7E08-46D5-BDDD-E7630A96D6B5}"
EndProject
Global
	GlobalSection(SolutionConfigurationPlatforms) = preSolution
		Debug|Any CPU = Debug|Any CPU
		Release|Any CPU = Release|Any CPU
	EndGlobalSection
	GlobalSection(ProjectConfigurationPlatforms) = postSolution
		{209F9275-A19B-4CFF-8EF9-B9E6BB066743}.Debug|Any CPU.ActiveCfg = Debug|Any CPU
		{209F9275-A19B-4CFF-8EF9-B9E6BB066743}.Debug|Any CPU.Build.0 = Debug|Any CPU
		{209F9275-A19B-4CFF-8EF9-B9E6BB066743}.Release|Any CPU.ActiveCfg = Release|Any CPU
		{209F9275-A19B-4CFF-8EF9-B9E6BB066743}.Release|Any CPU.Build.0 = Release|Any CPU
		{FC94CC0D-F04B-471E-8714-B9D5203ECEF6}.Debug|Any CPU.ActiveCfg = Debug|Any CPU
		{FC94CC0D-F04B-471E-8714-B9D5203ECEF6}.Debug|Any CPU.Build.0 = Debug|Any CPU
		{FC94CC0D-F04B-471E-8714-B9D5203ECEF6}.Release|Any CPU.ActiveCfg = Release|Any CPU
		{FC94CC0D-F04B-471E-8714-B9D5203ECEF6}.Release|Any CPU.Build.0 = Release|Any CPU
		{6E580CD5-E870-4883-AFBA-C1E848FD46DE}.Debug|Any CPU.ActiveCfg = Debug|Any CPU
		{6E580CD5-E870-4883-AFBA-C1E848FD46DE}.Debug|Any CPU.Build.0 = Debug|Any CPU
		{6E580CD5-E870-4883-AFBA-C1E848FD46DE}.Release|Any CPU.ActiveCfg = Release|Any CPU
		{6E580CD5-E870-4883-AFBA-C1E848FD46DE}.Release|Any CPU.Build.0 = Release|Any CPU
		{3B930B23-7E08-46D5-BDDD-E7630A96D6B5}.Debug|Any CPU.ActiveCfg = Debug|Any CPU
		{3B930B23-7E08-46D5-BDDD-E7630A96D6B5}.Debug|Any CPU.Build.0 = Debug|Any CPU
		{3B930B23-7E08-46D5-BDDD-E7630A96D6B5}.Release|Any CPU.ActiveCfg = Release|Any CPU
		{3B930B23-7E08-46D5-BDDD-E7630A96D6B5}.Release|Any CPU.Build.0 = Release|Any CPU
	EndGlobalSection
	GlobalSection(SolutionProperties) = preSolution
		HideSolutionNode = FALSE
	EndGlobalSection
	GlobalSection(ExtensibilityGlobals) = postSolution
		SolutionGuid = {2F821E97-62A1-4DBB-8D47-BC369CA5A3ED}
	EndGlobalSection
EndGlobal
